
Microsoft Visual Studio Solution File, Format Version 12.00
# Visual Studio Version 17
VisualStudioVersion = 17.5.33530.505
MinimumVisualStudioVersion = 10.0.40219.1
Project("{FAE04EC0-301F-11D3-BF4B-00C04F79EFBC}") = "Pr5_Salov", "Pr5_Salov\Pr5_Salov.csproj", "{667FC710-9DA3-46A9-9602-574ABFB0D84E}"
EndProject
Global
	GlobalSection(SolutionConfigurationPlatforms) = preSolution
		Debug|Any CPU = Debug|Any CPU
		Release|Any CPU = Release|Any CPU
	EndGlobalSection
	GlobalSection(ProjectConfigurationPlatforms) = postSolution
		{667FC710-9DA3-46A9-9602-574ABFB0D84E}.Debug|Any CPU.ActiveCfg = Debug|Any CPU
		{667FC710-9DA3-46A9-9602-574ABFB0D84E}.Debug|Any CPU.Build.0 = Debug|Any CPU
		{667FC710-9DA3-46A9-9602-574ABFB0D84E}.Release|Any CPU.ActiveCfg = Release|Any CPU
		{667FC710-9DA3-46A9-9602-574ABFB0D84E}.Release|Any CPU.Build.0 = Release|Any CPU
	EndGlobalSection
	GlobalSection(SolutionProperties) = preSolution
		HideSolutionNode = FALSE
	EndGlobalSection
	GlobalSection(ExtensibilityGlobals) = postSolution
		SolutionGuid = {BD7A1890-2AA1-406E-98CC-E71B38EE5A7F}
	EndGlobalSection
EndGlobal
